
Microsoft Visual Studio Solution File, Format Version 12.00
# Visual Studio Version 17
VisualStudioVersion = 17.0.31903.59
MinimumVisualStudioVersion = 10.0.40219.1
Project("{2150E333-8FDC-42A3-9474-1A3956D46DE8}") = "src", "src", "{682B905E-6F0E-44C3-B20B-41D957F73DD9}"
EndProject
Project("{FAE04EC0-301F-11D3-BF4B-00C04F79EFBC}") = "Viserion.Api", "src\Viserion.Api\Viserion.Api.csproj", "{90FDACCA-54B1-490C-88B0-FC845949D829}"
EndProject
Project("{FAE04EC0-301F-11D3-BF4B-00C04F79EFBC}") = "Viserion.Application", "src\Viserion.Application\Viserion.Application.csproj", "{DB8279D7-9165-4A89-86B1-727E448B8479}"
EndProject
Project("{FAE04EC0-301F-11D3-BF4B-00C04F79EFBC}") = "Viserion.Domain", "src\Viserion.Domain\Viserion.Domain.csproj", "{8749BE19-C294-42CD-B13D-920754A8E8F6}"
EndProject
Project("{FAE04EC0-301F-11D3-BF4B-00C04F79EFBC}") = "Viserion.Handlers", "src\Viserion.Handlers\Viserion.Handlers.csproj", "{C34315D1-7341-415F-A370-DBE3C7035CF2}"
EndProject
Project("{FAE04EC0-301F-11D3-BF4B-00C04F79EFBC}") = "Viserion.Repositories", "src\Viserion.Repositories\Viserion.Repositories.csproj", "{4DE2FE31-403D-470A-88AD-4C1B0DDF901D}"
EndProject
Project("{2150E333-8FDC-42A3-9474-1A3956D46DE8}") = "tests", "tests", "{2D072BC7-2BC2-4AEC-AED7-BC1200B3EADF}"
EndProject
Project("{FAE04EC0-301F-11D3-BF4B-00C04F79EFBC}") = "Viserion.Tests", "tests\Viserion.Tests\Viserion.Tests.csproj", "{6B192B03-A51B-4A7D-AB73-73ECA4951311}"
EndProject
Global
	GlobalSection(SolutionConfigurationPlatforms) = preSolution
		Debug|Any CPU = Debug|Any CPU
		Release|Any CPU = Release|Any CPU
	EndGlobalSection
	GlobalSection(SolutionProperties) = preSolution
		HideSolutionNode = FALSE
	EndGlobalSection
	GlobalSection(ProjectConfigurationPlatforms) = postSolution
		{90FDACCA-54B1-490C-88B0-FC845949D829}.Debug|Any CPU.ActiveCfg = Debug|Any CPU
		{90FDACCA-54B1-490C-88B0-FC845949D829}.Debug|Any CPU.Build.0 = Debug|Any CPU
		{90FDACCA-54B1-490C-88B0-FC845949D829}.Release|Any CPU.ActiveCfg = Release|Any CPU
		{90FDACCA-54B1-490C-88B0-FC845949D829}.Release|Any CPU.Build.0 = Release|Any CPU
		{DB8279D7-9165-4A89-86B1-727E448B8479}.Debug|Any CPU.ActiveCfg = Debug|Any CPU
		{DB8279D7-9165-4A89-86B1-727E448B8479}.Debug|Any CPU.Build.0 = Debug|Any CPU
		{DB8279D7-9165-4A89-86B1-727E448B8479}.Release|Any CPU.ActiveCfg = Release|Any CPU
		{DB8279D7-9165-4A89-86B1-727E448B8479}.Release|Any CPU.Build.0 = Release|Any CPU
		{8749BE19-C294-42CD-B13D-920754A8E8F6}.Debug|Any CPU.ActiveCfg = Debug|Any CPU
		{8749BE19-C294-42CD-B13D-920754A8E8F6}.Debug|Any CPU.Build.0 = Debug|Any CPU
		{8749BE19-C294-42CD-B13D-920754A8E8F6}.Release|Any CPU.ActiveCfg = Release|Any CPU
		{8749BE19-C294-42CD-B13D-920754A8E8F6}.Release|Any CPU.Build.0 = Release|Any CPU
		{C34315D1-7341-415F-A370-DBE3C7035CF2}.Debug|Any CPU.ActiveCfg = Debug|Any CPU
		{C34315D1-7341-415F-A370-DBE3C7035CF2}.Debug|Any CPU.Build.0 = Debug|Any CPU
		{C34315D1-7341-415F-A370-DBE3C7035CF2}.Release|Any CPU.ActiveCfg = Release|Any CPU
		{C34315D1-7341-415F-A370-DBE3C7035CF2}.Release|Any CPU.Build.0 = Release|Any CPU
		{4DE2FE31-403D-470A-88AD-4C1B0DDF901D}.Debug|Any CPU.ActiveCfg = Debug|Any CPU
		{4DE2FE31-403D-470A-88AD-4C1B0DDF901D}.Debug|Any CPU.Build.0 = Debug|Any CPU
		{4DE2FE31-403D-470A-88AD-4C1B0DDF901D}.Release|Any CPU.ActiveCfg = Release|Any CPU
		{4DE2FE31-403D-470A-88AD-4C1B0DDF901D}.Release|Any CPU.Build.0 = Release|Any CPU
		{6B192B03-A51B-4A7D-AB73-73ECA4951311}.Debug|Any CPU.ActiveCfg = Debug|Any CPU
		{6B192B03-A51B-4A7D-AB73-73ECA4951311}.Debug|Any CPU.Build.0 = Debug|Any CPU
		{6B192B03-A51B-4A7D-AB73-73ECA4951311}.Release|Any CPU.ActiveCfg = Release|Any CPU
		{6B192B03-A51B-4A7D-AB73-73ECA4951311}.Release|Any CPU.Build.0 = Release|Any CPU
	EndGlobalSection
	GlobalSection(NestedProjects) = preSolution
		{90FDACCA-54B1-490C-88B0-FC845949D829} = {682B905E-6F0E-44C3-B20B-41D957F73DD9}
		{DB8279D7-9165-4A89-86B1-727E448B8479} = {682B905E-6F0E-44C3-B20B-41D957F73DD9}
		{8749BE19-C294-42CD-B13D-920754A8E8F6} = {682B905E-6F0E-44C3-B20B-41D957F73DD9}
		{C34315D1-7341-415F-A370-DBE3C7035CF2} = {682B905E-6F0E-44C3-B20B-41D957F73DD9}
		{4DE2FE31-403D-470A-88AD-4C1B0DDF901D} = {682B905E-6F0E-44C3-B20B-41D957F73DD9}
		{6B192B03-A51B-4A7D-AB73-73ECA4951311} = {2D072BC7-2BC2-4AEC-AED7-BC1200B3EADF}
	EndGlobalSection
EndGlobal
